Microsoft Visual Studio Solution File, Format Version 12.00
# Visual Studio Version 17
VisualStudioVersion = 17.5.2.0
MinimumVisualStudioVersion = 10.0.40219.1
Project("{FAE04EC0-301F-11D3-BF4B-00C04F79EFBC}") = "DotNetWebApi", "DotNetWebApi.csproj", "{46F68959-8284-553D-A229-0FADAA27DC5A}"
EndProject
Global
	GlobalSection(SolutionConfigurationPlatforms) = preSolution
		Debug|Any CPU = Debug|Any CPU
		Release|Any CPU = Release|Any CPU
	EndGlobalSection
	GlobalSection(ProjectConfigurationPlatforms) = postSolution
		{46F68959-8284-553D-A229-0FADAA27DC5A}.Debug|Any CPU.ActiveCfg = Debug|Any CPU
		{46F68959-8284-553D-A229-0FADAA27DC5A}.Debug|Any CPU.Build.0 = Debug|Any CPU
		{46F68959-8284-553D-A229-0FADAA27DC5A}.Release|Any CPU.ActiveCfg = Release|Any CPU
		{46F68959-8284-553D-A229-0FADAA27DC5A}.Release|Any CPU.Build.0 = Release|Any CPU
	EndGlobalSection
	GlobalSection(SolutionProperties) = preSolution
		HideSolutionNode = FALSE
	EndGlobalSection
	GlobalSection(ExtensibilityGlobals) = postSolution
		SolutionGuid = {8FD1FD50-D2F8-4BA1-AE74-A28594D1721E}
	EndGlobalSection
EndGlobal
